// !$*UTF8*$!
{
	archiveVersion = 1;
	classes = {
	};
	objectVersion = 46;
	objects = {

/* Begin PBXBuildFile section */
		631731B31ADEAF9100F16864 /* AppDelegate.swift in Sources */ = {isa = PBXBuildFile; fileRef = 631731B21ADEAF9100F16864 /* AppDelegate.swift */; };
		631731B51ADEAF9200F16864 /* ViewController.swift in Sources */ = {isa = PBXBuildFile; fileRef = 631731B41ADEAF9100F16864 /* ViewController.swift */; };
		631731B81ADEAF9200F16864 /* Main.storyboard in Resources */ = {isa = PBXBuildFile; fileRef = 631731B61ADEAF9200F16864 /* Main.storyboard */; };
		631731BA1ADEAF9200F16864 /* Images.xcassets in Resources */ = {isa = PBXBuildFile; fileRef = 631731B91ADEAF9200F16864 /* Images.xcassets */; };
		631731BD1ADEAF9200F16864 /* LaunchScreen.xib in Resources */ = {isa = PBXBuildFile; fileRef = 631731BB1ADEAF9200F16864 /* LaunchScreen.xib */; };
		631731C91ADEAF9200F16864 /* PlayThatSongTests.swift in Sources */ = {isa = PBXBuildFile; fileRef = 631731C81ADEAF9200F16864 /* PlayThatSongTests.swift */; };
		631731DB1ADEAFB700F16864 /* InterfaceController.swift in Sources */ = {isa = PBXBuildFile; fileRef = 631731DA1ADEAFB700F16864 /* InterfaceController.swift */; };
		631731DD1ADEAFB700F16864 /* Images.xcassets in Resources */ = {isa = PBXBuildFile; fileRef = 631731DC1ADEAFB700F16864 /* Images.xcassets */; };
		631731E11ADEAFB700F16864 /* PlayThatSong WatchKit App.app in Resources */ = {isa = PBXBuildFile; fileRef = 631731E01ADEAFB700F16864 /* PlayThatSong WatchKit App.app */; };
		631731E91ADEAFB700F16864 /* Interface.storyboard in Resources */ = {isa = PBXBuildFile; fileRef = 631731E71ADEAFB700F16864 /* Interface.storyboard */; };
		631731EB1ADEAFB700F16864 /* Images.xcassets in Resources */ = {isa = PBXBuildFile; fileRef = 631731EA1ADEAFB700F16864 /* Images.xcassets */; };
		631731EE1ADEAFB700F16864 /* PlayThatSong WatchKit Extension.appex in Embed App Extensions */ = {isa = PBXBuildFile; fileRef = 631731D61ADEAFB700F16864 /* PlayThatSong WatchKit Extension.appex */; settings = {ATTRIBUTES = (RemoveHeadersOnCopy, ); }; };
		631731F91ADEB23700F16864 /* CLASSICAL SOLITUDE.wav in Resources */ = {isa = PBXBuildFile; fileRef = 631731F61ADEB23700F16864 /* CLASSICAL SOLITUDE.wav */; };
		631731FA1ADEB23700F16864 /* Open Source - Sending My Signal.mp3 in Resources */ = {isa = PBXBuildFile; fileRef = 631731F71ADEB23700F16864 /* Open Source - Sending My Signal.mp3 */; };
		631731FB1ADEB23700F16864 /* Timothy Pinkham - The Knolls of Doldesh.mp3 in Resources */ = {isa = PBXBuildFile; fileRef = 631731F81ADEB23700F16864 /* Timothy Pinkham - The Knolls of Doldesh.mp3 */; };
		631731FD1ADEB2A500F16864 /* AVFoundation.framework in Frameworks */ = {isa = PBXBuildFile; fileRef = 631731FC1ADEB2A500F16864 /* AVFoundation.framework */; };
		631732001ADEF44500F16864 /* WatchKitInfo.swift in Sources */ = {isa = PBXBuildFile; fileRef = 631731FF1ADEF44500F16864 /* WatchKitInfo.swift */; };
/* End PBXBuildFile section */

/* Begin PBXContainerItemProxy section */
		631731C31ADEAF9200F16864 /* PBXContainerItemProxy */ = {
			isa = PBXContainerItemProxy;
			containerPortal = 631731A51ADEAF9100F16864 /* Project object */;
			proxyType = 1;
			remoteGlobalIDString = 631731AC1ADEAF9100F16864;
			remoteInfo = PlayThatSong;
		};
		631731E21ADEAFB700F16864 /* PBXContainerItemProxy */ = {
			isa = PBXContainerItemProxy;
			containerPortal = 631731A51ADEAF9100F16864 /* Project object */;
			proxyType = 1;
			remoteGlobalIDString = 631731DF1ADEAFB700F16864;
			remoteInfo = "PlayThatSong WatchKit App";
		};
		631731EC1ADEAFB700F16864 /* PBXContainerItemProxy */ = {
			isa = PBXContainerItemProxy;
			containerPortal = 631731A51ADEAF9100F16864 /* Project object */;
			proxyType = 1;
			remoteGlobalIDString = 631731D51ADEAFB700F16864;
			remoteInfo = "PlayThatSong WatchKit Extension";
		};
/* End PBXContainerItemProxy section */

/* Begin PBXCopyFilesBuildPhase section */
		631731F51ADEAFB700F16864 /* Embed App Extensions */ = {
			isa = PBXCopyFilesBuildPhase;
			buildActionMask = 2147483647;
			dstPath = "";
			dstSubfolderSpec = 13;
			files = (
				631731EE1ADEAFB700F16864 /* PlayThatSong WatchKit Extension.appex in Embed App Extensions */,
			);
			name = "Embed App Extensions";
			runOnlyForDeploymentPostprocessing = 0;
		};
/* End PBXCopyFilesBuildPhase section */

/* Begin PBXFileReference section */
		631731AD1ADEAF9100F16864 /* PlayThatSong.app */ = {isa = PBXFileReference; explicitFileType = wrapper.application; includeInIndex = 0; path = PlayThatSong.app; sourceTree = BUILT_PRODUCTS_DIR; };
		631731B11ADEAF9100F16864 /* Info.plist */ = {isa = PBXFileReference; lastKnownFileType = text.plist.xml; path = Info.plist; sourceTree = "<group>"; };
		631731B21ADEAF9100F16864 /* AppDelegate.swift */ = {isa = PBXFileReference; lastKnownFileType = sourcecode.swift; path = AppDelegate.swift; sourceTree = "<group>"; };
		631731B41ADEAF9100F16864 /* ViewController.swift */ = {isa = PBXFileReference; lastKnownFileType = sourcecode.swift; path = ViewController.swift; sourceTree = "<group>"; };
		631731B71ADEAF9200F16864 /* Base */ = {isa = PBXFileReference; lastKnownFileType = file.storyboard; name = Base; path = Base.lproj/Main.storyboard; sourceTree = "<group>"; };
		631731B91ADEAF9200F16864 /* Images.xcassets */ = {isa = PBXFileReference; lastKnownFileType = folder.assetcatalog; path = Images.xcassets; sourceTree = "<group>"; };
		631731BC1ADEAF9200F16864 /* Base */ = {isa = PBXFileReference; lastKnownFileType = file.xib; name = Base; path = Base.lproj/LaunchScreen.xib; sourceTree = "<group>"; };
		631731C21ADEAF9200F16864 /* PlayThatSongTests.xctest */ = {isa = PBXFileReference; explicitFileType = wrapper.cfbundle; includeInIndex = 0; path = PlayThatSongTests.xctest; sourceTree = BUILT_PRODUCTS_DIR; };
		631731C71ADEAF9200F16864 /* Info.plist */ = {isa = PBXFileReference; lastKnownFileType = text.plist.xml; path = Info.plist; sourceTree = "<group>"; };
		631731C81ADEAF9200F16864 /* PlayThatSongTests.swift */ = {isa = PBXFileReference; lastKnownFileType = sourcecode.swift; path = PlayThatSongTests.swift; sourceTree = "<group>"; };
		631731D61ADEAFB700F16864 /* PlayThatSong WatchKit Extension.appex */ = {isa = PBXFileReference; explicitFileType = "wrapper.app-extension"; includeInIndex = 0; path = "PlayThatSong WatchKit Extension.appex"; sourceTree = BUILT_PRODUCTS_DIR; };
		631731D91ADEAFB700F16864 /* Info.plist */ = {isa = PBXFileReference; lastKnownFileType = text.plist.xml; path = Info.plist; sourceTree = "<group>"; };
		631731DA1ADEAFB700F16864 /* InterfaceController.swift */ = {isa = PBXFileReference; lastKnownFileType = sourcecode.swift; path = InterfaceController.swift; sourceTree = "<group>"; };
		631731DC1ADEAFB700F16864 /* Images.xcassets */ = {isa = PBXFileReference; lastKnownFileType = folder.assetcatalog; path = Images.xcassets; sourceTree = "<group>"; };
		631731E01ADEAFB700F16864 /* PlayThatSong WatchKit App.app */ = {isa = PBXFileReference; explicitFileType = wrapper.application; includeInIndex = 0; path = "PlayThatSong WatchKit App.app"; sourceTree = BUILT_PRODUCTS_DIR; };
		631731E61ADEAFB700F16864 /* Info.plist */ = {isa = PBXFileReference; lastKnownFileType = text.plist.xml; path = Info.plist; sourceTree = "<group>"; };
		631731E81ADEAFB700F16864 /* Base */ = {isa = PBXFileReference; lastKnownFileType = file.storyboard; name = Base; path = Base.lproj/Interface.storyboard; sourceTree = "<group>"; };
		631731EA1ADEAFB700F16864 /* Images.xcassets */ = {isa = PBXFileReference; lastKnownFileType = folder.assetcatalog; path = Images.xcassets; sourceTree = "<group>"; };
		631731F61ADEB23700F16864 /* CLASSICAL SOLITUDE.wav */ = {isa = PBXFileReference; lastKnownFileType = audio.wav; path = "CLASSICAL SOLITUDE.wav"; sourceTree = "<group>"; };
		631731F71ADEB23700F16864 /* Open Source - Sending My Signal.mp3 */ = {isa = PBXFileReference; lastKnownFileType = audio.mp3; path = "Open Source - Sending My Signal.mp3"; sourceTree = "<group>"; };
		631731F81ADEB23700F16864 /* Timothy Pinkham - The Knolls of Doldesh.mp3 */ = {isa = PBXFileReference; lastKnownFileType = audio.mp3; path = "Timothy Pinkham - The Knolls of Doldesh.mp3"; sourceTree = "<group>"; };
		631731FC1ADEB2A500F16864 /* AVFoundation.framework */ = {isa = PBXFileReference; lastKnownFileType = wrapper.framework; name = AVFoundation.framework; path = System/Library/Frameworks/AVFoundation.framework; sourceTree = SDKROOT; };
		631731FF1ADEF44500F16864 /* WatchKitInfo.swift */ = {isa = PBXFileReference; fileEncoding = 4; lastKnownFileType = sourcecode.swift; path = WatchKitInfo.swift; sourceTree = "<group>"; };
/* End PBXFileReference section */

/* Begin PBXFrameworksBuildPhase section */
		631731AA1ADEAF9100F16864 /* Frameworks */ = {
			isa = PBXFrameworksBuildPhase;
			buildActionMask = 2147483647;
			files = (
				631731FD1ADEB2A500F16864 /* AVFoundation.framework in Frameworks */,
			);
			runOnlyForDeploymentPostprocessing = 0;
		};
		631731BF1ADEAF9200F16864 /* Frameworks */ = {
			isa = PBXFrameworksBuildPhase;
			buildActionMask = 2147483647;
			files = (
			);
			runOnlyForDeploymentPostprocessing = 0;
		};
		631731D31ADEAFB700F16864 /* Frameworks */ = {
			isa = PBXFrameworksBuildPhase;
			buildActionMask = 2147483647;
			files = (
			);
			runOnlyForDeploymentPostprocessing = 0;
		};
/* End PBXFrameworksBuildPhase section */

/* Begin PBXGroup section */
		631731A41ADEAF9100F16864 = {
			isa = PBXGroup;
			children = (
				631731AF1ADEAF9100F16864 /* PlayThatSong */,
				631731C51ADEAF9200F16864 /* PlayThatSongTests */,
				631731D71ADEAFB700F16864 /* PlayThatSong WatchKit Extension */,
				631731E41ADEAFB700F16864 /* PlayThatSong WatchKit App */,
				631731AE1ADEAF9100F16864 /* Products */,
			);
			sourceTree = "<group>";
		};
		631731AE1ADEAF9100F16864 /* Products */ = {
			isa = PBXGroup;
			children = (
				631731AD1ADEAF9100F16864 /* PlayThatSong.app */,
				631731C21ADEAF9200F16864 /* PlayThatSongTests.xctest */,
				631731D61ADEAFB700F16864 /* PlayThatSong WatchKit Extension.appex */,
				631731E01ADEAFB700F16864 /* PlayThatSong WatchKit App.app */,
			);
			name = Products;
			sourceTree = "<group>";
		};
		631731AF1ADEAF9100F16864 /* PlayThatSong */ = {
			isa = PBXGroup;
			children = (
				631731B21ADEAF9100F16864 /* AppDelegate.swift */,
				631731B41ADEAF9100F16864 /* ViewController.swift */,
				631731FF1ADEF44500F16864 /* WatchKitInfo.swift */,
				631731B61ADEAF9200F16864 /* Main.storyboard */,
				631731B91ADEAF9200F16864 /* Images.xcassets */,
				631731BB1ADEAF9200F16864 /* LaunchScreen.xib */,
				631731B01ADEAF9100F16864 /* Supporting Files */,
				631731FE1ADEB40B00F16864 /* Frameworks */,
			);
			path = PlayThatSong;
			sourceTree = "<group>";
		};
		631731B01ADEAF9100F16864 /* Supporting Files */ = {
			isa = PBXGroup;
			children = (
				631731F61ADEB23700F16864 /* CLASSICAL SOLITUDE.wav */,
				631731F71ADEB23700F16864 /* Open Source - Sending My Signal.mp3 */,
				631731F81ADEB23700F16864 /* Timothy Pinkham - The Knolls of Doldesh.mp3 */,
				631731B11ADEAF9100F16864 /* Info.plist */,
			);
			name = "Supporting Files";
			sourceTree = "<group>";
		};
		631731C51ADEAF9200F16864 /* PlayThatSongTests */ = {
			isa = PBXGroup;
			children = (
				631731C81ADEAF9200F16864 /* PlayThatSongTests.swift */,
				631731C61ADEAF9200F16864 /* Supporting Files */,
			);
			path = PlayThatSongTests;
			sourceTree = "<group>";
		};
		631731C61ADEAF9200F16864 /* Supporting Files */ = {
			isa = PBXGroup;
			children = (
				631731C71ADEAF9200F16864 /* Info.plist */,
			);
			name = "Supporting Files";
			sourceTree = "<group>";
		};
		631731D71ADEAFB700F16864 /* PlayThatSong WatchKit Extension */ = {
			isa = PBXGroup;
			children = (
				631731DA1ADEAFB700F16864 /* InterfaceController.swift */,
				631731DC1ADEAFB700F16864 /* Images.xcassets */,
				631731D81ADEAFB700F16864 /* Supporting Files */,
			);
			path = "PlayThatSong WatchKit Extension";
			sourceTree = "<group>";
		};
		631731D81ADEAFB700F16864 /* Supporting Files */ = {
			isa = PBXGroup;
			children = (
				631731D91ADEAFB700F16864 /* Info.plist */,
			);
			name = "Supporting Files";
			sourceTree = "<group>";
		};
		631731E41ADEAFB700F16864 /* PlayThatSong WatchKit App */ = {
			isa = PBXGroup;
			children = (
				631731E71ADEAFB700F16864 /* Interface.storyboard */,
				631731EA1ADEAFB700F16864 /* Images.xcassets */,
				631731E51ADEAFB700F16864 /* Supporting Files */,
			);
			path = "PlayThatSong WatchKit App";
			sourceTree = "<group>";
		};
		631731E51ADEAFB700F16864 /* Supporting Files */ = {
			isa = PBXGroup;
			children = (
				631731E61ADEAFB700F16864 /* Info.plist */,
			);
			name = "Supporting Files";
			sourceTree = "<group>";
		};
		631731FE1ADEB40B00F16864 /* Frameworks */ = {
			isa = PBXGroup;
			children = (
				631731FC1ADEB2A500F16864 /* AVFoundation.framework */,
			);
			name = Frameworks;
			sourceTree = "<group>";
		};
/* End PBXGroup section */

/* Begin PBXNativeTarget section */
		631731AC1ADEAF9100F16864 /* PlayThatSong */ = {
			isa = PBXNativeTarget;
			buildConfigurationList = 631731CC1ADEAF9200F16864 /* Build configuration list for PBXNativeTarget "PlayThatSong" */;
			buildPhases = (
				631731A91ADEAF9100F16864 /* Sources */,
				631731AA1ADEAF9100F16864 /* Frameworks */,
				631731AB1ADEAF9100F16864 /* Resources */,
				631731F51ADEAFB700F16864 /* Embed App Extensions */,
			);
			buildRules = (
			);
			dependencies = (
				631731ED1ADEAFB700F16864 /* PBXTargetDependency */,
			);
			name = PlayThatSong;
			productName = PlayThatSong;
			productReference = 631731AD1ADEAF9100F16864 /* PlayThatSong.app */;
			productType = "com.apple.product-type.application";
		};
		631731C11ADEAF9200F16864 /* PlayThatSongTests */ = {
			isa = PBXNativeTarget;
			buildConfigurationList = 631731CF1ADEAF9200F16864 /* Build configuration list for PBXNativeTarget "PlayThatSongTests" */;
			buildPhases = (
				631731BE1ADEAF9200F16864 /* Sources */,
				631731BF1ADEAF9200F16864 /* Frameworks */,
				631731C01ADEAF9200F16864 /* Resources */,
			);
			buildRules = (
			);
			dependencies = (
				631731C41ADEAF9200F16864 /* PBXTargetDependency */,
			);
			name = PlayThatSongTests;
			productName = PlayThatSongTests;
			productReference = 631731C21ADEAF9200F16864 /* PlayThatSongTests.xctest */;
			productType = "com.apple.product-type.bundle.unit-test";
		};
		631731D51ADEAFB700F16864 /* PlayThatSong WatchKit Extension */ = {
			isa = PBXNativeTarget;
			buildConfigurationList = 631731F21ADEAFB700F16864 /* Build configuration list for PBXNativeTarget "PlayThatSong WatchKit Extension" */;
			buildPhases = (
				631731D21ADEAFB700F16864 /* Sources */,
				631731D31ADEAFB700F16864 /* Frameworks */,
				631731D41ADEAFB700F16864 /* Resources */,
			);
			buildRules = (
			);
			dependencies = (
				631731E31ADEAFB700F16864 /* PBXTargetDependency */,
			);
			name = "PlayThatSong WatchKit Extension";
			productName = "PlayThatSong WatchKit Extension";
			productReference = 631731D61ADEAFB700F16864 /* PlayThatSong WatchKit Extension.appex */;
			productType = "com.apple.product-type.watchkit-extension";
		};
		631731DF1ADEAFB700F16864 /* PlayThatSong WatchKit App */ = {
			isa = PBXNativeTarget;
			buildConfigurationList = 631731EF1ADEAFB700F16864 /* Build configuration list for PBXNativeTarget "PlayThatSong WatchKit App" */;
			buildPhases = (
				631731DE1ADEAFB700F16864 /* Resources */,
			);
			buildRules = (
			);
			dependencies = (
			);
			name = "PlayThatSong WatchKit App";
			productName = "PlayThatSong WatchKit App";
			productReference = 631731E01ADEAFB700F16864 /* PlayThatSong WatchKit App.app */;
			productType = "com.apple.product-type.application.watchapp";
		};
/* End PBXNativeTarget section */

/* Begin PBXProject section */
		631731A51ADEAF9100F16864 /* Project object */ = {
			isa = PBXProject;
			attributes = {
				LastUpgradeCheck = 0630;
				ORGANIZATIONNAME = "Piri-Piri";
				TargetAttributes = {
					631731AC1ADEAF9100F16864 = {
						CreatedOnToolsVersion = 6.3;
					};
					631731C11ADEAF9200F16864 = {
						CreatedOnToolsVersion = 6.3;
						TestTargetID = 631731AC1ADEAF9100F16864;
					};
					631731D51ADEAFB700F16864 = {
						CreatedOnToolsVersion = 6.3;
					};
					631731DF1ADEAFB700F16864 = {
						CreatedOnToolsVersion = 6.3;
					};
				};
			};
			buildConfigurationList = 631731A81ADEAF9100F16864 /* Build configuration list for PBXProject "PlayThatSong" */;
			compatibilityVersion = "Xcode 3.2";
			developmentRegion = English;
			hasScannedForEncodings = 0;
			knownRegions = (
				en,
				Base,
			);
			mainGroup = 631731A41ADEAF9100F16864;
			productRefGroup = 631731AE1ADEAF9100F16864 /* Products */;
			projectDirPath = "";
			projectRoot = "";
			targets = (
				631731AC1ADEAF9100F16864 /* PlayThatSong */,
				631731C11ADEAF9200F16864 /* PlayThatSongTests */,
				631731D51ADEAFB700F16864 /* PlayThatSong WatchKit Extension */,
				631731DF1ADEAFB700F16864 /* PlayThatSong WatchKit App */,
			);
		};
/* End PBXProject section */

/* Begin PBXResourcesBuildPhase section */
		631731AB1ADEAF9100F16864 /* Resources */ = {
			isa = PBXResourcesBuildPhase;
			buildActionMask = 2147483647;
			files = (
				631731B81ADEAF9200F16864 /* Main.storyboard in Resources */,
				631731BD1ADEAF9200F16864 /* LaunchScreen.xib in Resources */,
				631731F91ADEB23700F16864 /* CLASSICAL SOLITUDE.wav in Resources */,
				631731FA1ADEB23700F16864 /* Open Source - Sending My Signal.mp3 in Resources */,
				631731FB1ADEB23700F16864 /* Timothy Pinkham - The Knolls of Doldesh.mp3 in Resources */,
				631731BA1ADEAF9200F16864 /* Images.xcassets in Resources */,
			);
			runOnlyForDeploymentPostprocessing = 0;
		};
		631731C01ADEAF9200F16864 /* Resources */ = {
			isa = PBXResourcesBuildPhase;
			buildActionMask = 2147483647;
			files = (
			);
			runOnlyForDeploymentPostprocessing = 0;
		};
		631731D41ADEAFB700F16864 /* Resources */ = {
			isa = PBXResourcesBuildPhase;
			buildActionMask = 2147483647;
			files = (
				631731E11ADEAFB700F16864 /* PlayThatSong WatchKit App.app in Resources */,
				631731DD1ADEAFB700F16864 /* Images.xcassets in Resources */,
			);
			runOnlyForDeploymentPostprocessing = 0;
		};
		631731DE1ADEAFB700F16864 /* Resources */ = {
			isa = PBXResourcesBuildPhase;
			buildActionMask = 2147483647;
			files = (
				631731E91ADEAFB700F16864 /* Interface.storyboard in Resources */,
				631731EB1ADEAFB700F16864 /* Images.xcassets in Resources */,
			);
			runOnlyForDeploymentPostprocessing = 0;
		};
/* End PBXResourcesBuildPhase section */

/* Begin PBXSourcesBuildPhase section */
		631731A91ADEAF9100F16864 /* Sources */ = {
			isa = PBXSourcesBuildPhase;
			buildActionMask = 2147483647;
			files = (
				631731B51ADEAF9200F16864 /* ViewController.swift in Sources */,
				631731B31ADEAF9100F16864 /* AppDelegate.swift in Sources */,
				631732001ADEF44500F16864 /* WatchKitInfo.swift in Sources */,
			);
			runOnlyForDeploymentPostprocessing = 0;
		};
		631731BE1ADEAF9200F16864 /* Sources */ = {
			isa = PBXSourcesBuildPhase;
			buildActionMask = 2147483647;
			files = (
				631731C91ADEAF9200F16864 /* PlayThatSongTests.swift in Sources */,
			);
			runOnlyForDeploymentPostprocessing = 0;
		};
		631731D21ADEAFB700F16864 /* Sources */ = {
			isa = PBXSourcesBuildPhase;
			buildActionMask = 2147483647;
			files = (
				631731DB1ADEAFB700F16864 /* InterfaceController.swift in Sources */,
			);
			runOnlyForDeploymentPostprocessing = 0;
		};
/* End PBXSourcesBuildPhase section */

/* Begin PBXTargetDependency section */
		631731C41ADEAF9200F16864 /* PBXTargetDependency */ = {
			isa = PBXTargetDependency;
			target = 631731AC1ADEAF9100F16864 /* PlayThatSong */;
			targetProxy = 631731C31ADEAF9200F16864 /* PBXContainerItemProxy */;
		};
		631731E31ADEAFB700F16864 /* PBXTargetDependency */ = {
			isa = PBXTargetDependency;
			target = 631731DF1ADEAFB700F16864 /* PlayThatSong WatchKit App */;
			targetProxy = 631731E21ADEAFB700F16864 /* PBXContainerItemProxy */;
		};
		631731ED1ADEAFB700F16864 /* PBXTargetDependency */ = {
			isa = PBXTargetDependency;
			target = 631731D51ADEAFB700F16864 /* PlayThatSong WatchKit Extension */;
			targetProxy = 631731EC1ADEAFB700F16864 /* PBXContainerItemProxy */;
		};
/* End PBXTargetDependency section */

/* Begin PBXVariantGroup section */
		631731B61ADEAF9200F16864 /* Main.storyboard */ = {
			isa = PBXVariantGroup;
			children = (
				631731B71ADEAF9200F16864 /* Base */,
			);
			name = Main.storyboard;
			sourceTree = "<group>";
		};
		631731BB1ADEAF9200F16864 /* LaunchScreen.xib */ = {
			isa = PBXVariantGroup;
			children = (
				631731BC1ADEAF9200F16864 /* Base */,
			);
			name = LaunchScreen.xib;
			sourceTree = "<group>";
		};
		631731E71ADEAFB700F16864 /* Interface.storyboard */ = {
			isa = PBXVariantGroup;
			children = (
				631731E81ADEAFB700F16864 /* Base */,
			);
			name = Interface.storyboard;
			sourceTree = "<group>";
		};
/* End PBXVariantGroup section */

/* Begin XCBuildConfiguration section */
		631731CA1ADEAF9200F16864 /* Debug */ = {
			isa = XCBuildConfiguration;
			buildSettings = {
				ALWAYS_SEARCH_USER_PATHS = NO;
				CLANG_CXX_LANGUAGE_STANDARD = "gnu++0x";
				CLANG_CXX_LIBRARY = "libc++";
				CLANG_ENABLE_MODULES = YES;
				CLANG_ENABLE_OBJC_ARC = YES;
				CLANG_WARN_BOOL_CONVERSION = YES;
				CLANG_WARN_CONSTANT_CONVERSION = YES;
				CLANG_WARN_DIRECT_OBJC_ISA_USAGE = YES_ERROR;
				CLANG_WARN_EMPTY_BODY = YES;
				CLANG_WARN_ENUM_CONVERSION = YES;
				CLANG_WARN_INT_CONVERSION = YES;
				CLANG_WARN_OBJC_ROOT_CLASS = YES_ERROR;
				CLANG_WARN_UNREACHABLE_CODE = YES;
				CLANG_WARN__DUPLICATE_METHOD_MATCH = YES;
				"CODE_SIGN_IDENTITY[sdk=iphoneos*]" = "iPhone Developer";
				COPY_PHASE_STRIP = NO;
				DEBUG_INFORMATION_FORMAT = "dwarf-with-dsym";
				ENABLE_STRICT_OBJC_MSGSEND = YES;
				GCC_C_LANGUAGE_STANDARD = gnu99;
				GCC_DYNAMIC_NO_PIC = NO;
				GCC_NO_COMMON_BLOCKS = YES;
				GCC_OPTIMIZATION_LEVEL = 0;
				GCC_PREPROCESSOR_DEFINITIONS = (
					"DEBUG=1",
					"$(inherited)",
				);
				GCC_SYMBOLS_PRIVATE_EXTERN = NO;
				GCC_WARN_64_TO_32_BIT_CONVERSION = YES;
				GCC_WARN_ABOUT_RETURN_TYPE = YES_ERROR;
				GCC_WARN_UNDECLARED_SELECTOR = YES;
				GCC_WARN_UNINITIALIZED_AUTOS = YES_AGGRESSIVE;
				GCC_WARN_UNUSED_FUNCTION = YES;
				GCC_WARN_UNUSED_VARIABLE = YES;
				IPHONEOS_DEPLOYMENT_TARGET = 8.3;
				MTL_ENABLE_DEBUG_INFO = YES;
				ONLY_ACTIVE_ARCH = YES;
				SDKROOT = iphoneos;
				SWIFT_OPTIMIZATION_LEVEL = "-Onone";
			};
			name = Debug;
		};
		631731CB1ADEAF9200F16864 /* Release */ = {
			isa = XCBuildConfiguration;
			buildSettings = {
				ALWAYS_SEARCH_USER_PATHS = NO;
				CLANG_CXX_LANGUAGE_STANDARD = "gnu++0x";
				CLANG_CXX_LIBRARY = "libc++";
				CLANG_ENABLE_MODULES = YES;
				CLANG_ENABLE_OBJC_ARC = YES;
				CLANG_WARN_BOOL_CONVERSION = YES;
				CLANG_WARN_CONSTANT_CONVERSION = YES;
				CLANG_WARN_DIRECT_OBJC_ISA_USAGE = YES_ERROR;
				CLANG_WARN_EMPTY_BODY = YES;
				CLANG_WARN_ENUM_CONVERSION = YES;
				CLANG_WARN_INT_CONVERSION = YES;
				CLANG_WARN_OBJC_ROOT_CLASS = YES_ERROR;
				CLANG_WARN_UNREACHABLE_CODE = YES;
				CLANG_WARN__DUPLICATE_METHOD_MATCH = YES;
				"CODE_SIGN_IDENTITY[sdk=iphoneos*]" = "iPhone Developer";
				COPY_PHASE_STRIP = NO;
				DEBUG_INFORMATION_FORMAT = "dwarf-with-dsym";
				ENABLE_NS_ASSERTIONS = NO;
				ENABLE_STRICT_OBJC_MSGSEND = YES;
				GCC_C_LANGUAGE_STANDARD = gnu99;
				GCC_NO_COMMON_BLOCKS = YES;
				GCC_WARN_64_TO_32_BIT_CONVERSION = YES;
				GCC_WARN_ABOUT_RETURN_TYPE = YES_ERROR;
				GCC_WARN_UNDECLARED_SELECTOR = YES;
				GCC_WARN_UNINITIALIZED_AUTOS = YES_AGGRESSIVE;
				GCC_WARN_UNUSED_FUNCTION = YES;
				GCC_WARN_UNUSED_VARIABLE = YES;
				IPHONEOS_DEPLOYMENT_TARGET = 8.3;
				MTL_ENABLE_DEBUG_INFO = NO;
				SDKROOT = iphoneos;
				VALIDATE_PRODUCT = YES;
			};
			name = Release;
		};
		631731CD1ADEAF9200F16864 /* Debug */ = {
			isa = XCBuildConfiguration;
			buildSettings = {
				ASSETCATALOG_COMPILER_APPICON_NAME = AppIcon;
				INFOPLIST_FILE = PlayThatSong/Info.plist;
				LD_RUNPATH_SEARCH_PATHS = "$(inherited) @executable_path/Frameworks";
				PRODUCT_NAME = "$(TARGET_NAME)";
			};
			name = Debug;
		};
		631731CE1ADEAF9200F16864 /* Release */ = {
			isa = XCBuildConfiguration;
			buildSettings = {
				ASSETCATALOG_COMPILER_APPICON_NAME = AppIcon;
				INFOPLIST_FILE = PlayThatSong/Info.plist;
				LD_RUNPATH_SEARCH_PATHS = "$(inherited) @executable_path/Frameworks";
				PRODUCT_NAME = "$(TARGET_NAME)";
			};
			name = Release;
		};
		631731D01ADEAF9200F16864 /* Debug */ = {
			isa = XCBuildConfiguration;
			buildSettings = {
				BUNDLE_LOADER = "$(TEST_HOST)";
				FRAMEWORK_SEARCH_PATHS = (
					"$(SDKROOT)/Developer/Library/Frameworks",
					"$(inherited)",
				);
				GCC_PREPROCESSOR_DEFINITIONS = (
					"DEBUG=1",
					"$(inherited)",
				);
				INFOPLIST_FILE = PlayThatSongTests/Info.plist;
				LD_RUNPATH_SEARCH_PATHS = "$(inherited) @executable_path/Frameworks @loader_path/Frameworks";
				PRODUCT_NAME = "$(TARGET_NAME)";
				TEST_HOST = "$(BUILT_PRODUCTS_DIR)/PlayThatSong.app/PlayThatSong";
			};
			name = Debug;
		};
		631731D11ADEAF9200F16864 /* Release */ = {
			isa = XCBuildConfiguration;
			buildSettings = {
				BUNDLE_LOADER = "$(TEST_HOST)";
				FRAMEWORK_SEARCH_PATHS = (
					"$(SDKROOT)/Developer/Library/Frameworks",
					"$(inherited)",
				);
				INFOPLIST_FILE = PlayThatSongTests/Info.plist;
				LD_RUNPATH_SEARCH_PATHS = "$(inherited) @executable_path/Frameworks @loader_path/Frameworks";
				PRODUCT_NAME = "$(TARGET_NAME)";
				TEST_HOST = "$(BUILT_PRODUCTS_DIR)/PlayThatSong.app/PlayThatSong";
			};
			name = Release;
		};
		631731F01ADEAFB700F16864 /* Debug */ = {
			isa = XCBuildConfiguration;
			buildSettings = {
				ASSETCATALOG_COMPILER_APPICON_NAME = AppIcon;
				GCC_PREPROCESSOR_DEFINITIONS = (
					"DEBUG=1",
					"$(inherited)",
				);
				IBSC_MODULE = PlayThatSong_WatchKit_Extension;
				INFOPLIST_FILE = "PlayThatSong WatchKit App/Info.plist";
				IPHONEOS_DEPLOYMENT_TARGET = 8.2;
				PRODUCT_NAME = "$(TARGET_NAME)";
				SKIP_INSTALL = YES;
				TARGETED_DEVICE_FAMILY = 4;
				"TARGETED_DEVICE_FAMILY[sdk=iphonesimulator*]" = "1,4";
			};
			name = Debug;
		};
		631731F11ADEAFB700F16864 /* Release */ = {
			isa = XCBuildConfiguration;
			buildSettings = {
				ASSETCATALOG_COMPILER_APPICON_NAME = AppIcon;
				IBSC_MODULE = PlayThatSong_WatchKit_Extension;
				INFOPLIST_FILE = "PlayThatSong WatchKit App/Info.plist";
				IPHONEOS_DEPLOYMENT_TARGET = 8.2;
				PRODUCT_NAME = "$(TARGET_NAME)";
				SKIP_INSTALL = YES;
				TARGETED_DEVICE_FAMILY = 4;
				"TARGETED_DEVICE_FAMILY[sdk=iphonesimulator*]" = "1,4";
			};
			name = Release;
		};
		631731F31ADEAFB700F16864 /* Debug */ = {
			isa = XCBuildConfiguration;
			buildSettings = {
				GCC_PREPROCESSOR_DEFINITIONS = (
					"DEBUG=1",
					"$(inherited)",
				);
				INFOPLIST_FILE = "PlayThatSong WatchKit Extension/Info.plist";
				LD_RUNPATH_SEARCH_PATHS = "$(inherited) @executable_path/Frameworks @executable_path/../../Frameworks";
				PRODUCT_NAME = "${TARGET_NAME}";
				SKIP_INSTALL = YES;
			};
			name = Debug;
		};
		631731F41ADEAFB700F16864 /* Release */ = {
			isa = XCBuildConfiguration;
			buildSettings = {
				INFOPLIST_FILE = "PlayThatSong WatchKit Extension/Info.plist";
				LD_RUNPATH_SEARCH_PATHS = "$(inherited) @executable_path/Frameworks @executable_path/../../Frameworks";
				PRODUCT_NAME = "${TARGET_NAME}";
				SKIP_INSTALL = YES;
			};
			name = Release;
		};
/* End XCBuildConfiguration section */

/* Begin XCConfigurationList section */
		631731A81ADEAF9100F16864 /* Build configuration list for PBXProject "PlayThatSong" */ = {
			isa = XCConfigurationList;
			buildConfigurations = (
				631731CA1ADEAF9200F16864 /* Debug */,
				631731CB1ADEAF9200F16864 /* Release */,
			);
			defaultConfigurationIsVisible = 0;
			defaultConfigurationName = Release;
		};
		631731CC1ADEAF9200F16864 /* Build configuration list for PBXNativeTarget "PlayThatSong" */ = {
			isa = XCConfigurationList;
			buildConfigurations = (
				631731CD1ADEAF9200F16864 /* Debug */,
				631731CE1ADEAF9200F16864 /* Release */,
			);
			defaultConfigurationIsVisible = 0;
		};
		631731CF1ADEAF9200F16864 /* Build configuration list for PBXNativeTarget "PlayThatSongTests" */ = {
			isa = XCConfigurationList;
			buildConfigurations = (
				631731D01ADEAF9200F16864 /* Debug */,
				631731D11ADEAF9200F16864 /* Release */,
			);
			defaultConfigurationIsVisible = 0;
		};
		631731EF1ADEAFB700F16864 /* Build configuration list for PBXNativeTarget "PlayThatSong WatchKit App" */ = {
			isa = XCConfigurationList;
			buildConfigurations = (
				631731F01ADEAFB700F16864 /* Debug */,
				631731F11ADEAFB700F16864 /* Release */,
			);
			defaultConfigurationIsVisible = 0;
		};
		631731F21ADEAFB700F16864 /* Build configuration list for PBXNativeTarget "PlayThatSong WatchKit Extension" */ = {
			isa = XCConfigurationList;
			buildConfigurations = (
				631731F31ADEAFB700F16864 /* Debug */,
				631731F41ADEAFB700F16864 /* Release */,
			);
			defaultConfigurationIsVisible = 0;
		};
/* End XCConfigurationList section */
	};
	rootObject = 631731A51ADEAF9100F16864 /* Project object */;
}
